
Microsoft Visual Studio Solution File, Format Version 12.00
# Visual Studio Version 17
VisualStudioVersion = 17.14.36408.4 d17.14
MinimumVisualStudioVersion = 10.0.40219.1
Project("{FAE04EC0-301F-11D3-BF4B-00C04F79EFBC}") = "iMAXimilian", "iMAXimilian\iMAXimilian.csproj", "{ED77A551-29DB-4309-B22F-E78CAF1DA622}"
EndProject
Global
	GlobalSection(SolutionConfigurationPlatforms) = preSolution
		Debug|Any CPU = Debug|Any CPU
		Release|Any CPU = Release|Any CPU
	EndGlobalSection
	GlobalSection(ProjectConfigurationPlatforms) = postSolution
		{ED77A551-29DB-4309-B22F-E78CAF1DA622}.Debug|Any CPU.ActiveCfg = Debug|Any CPU
		{ED77A551-29DB-4309-B22F-E78CAF1DA622}.Debug|Any CPU.Build.0 = Debug|Any CPU
		{ED77A551-29DB-4309-B22F-E78CAF1DA622}.Debug|Any CPU.Deploy.0 = Debug|Any CPU
		{ED77A551-29DB-4309-B22F-E78CAF1DA622}.Release|Any CPU.ActiveCfg = Release|Any CPU
		{ED77A551-29DB-4309-B22F-E78CAF1DA622}.Release|Any CPU.Build.0 = Release|Any CPU
		{ED77A551-29DB-4309-B22F-E78CAF1DA622}.Release|Any CPU.Deploy.0 = Release|Any CPU
	EndGlobalSection
	GlobalSection(SolutionProperties) = preSolution
		HideSolutionNode = FALSE
	EndGlobalSection
	GlobalSection(ExtensibilityGlobals) = postSolution
		SolutionGuid = {03394FCC-6AF5-4822-97FD-2C1B71EFB4C6}
	EndGlobalSection
EndGlobal
